
Microsoft Visual Studio Solution File, Format Version 12.00
# Visual Studio Version 17
VisualStudioVersion = 17.2.32630.192
MinimumVisualStudioVersion = 10.0.40219.1
Project("{FAE04EC0-301F-11D3-BF4B-00C04F79EFBC}") = "stouchi", "stouchi\stouchi.csproj", "{7E5D8748-AFA8-432A-97F2-D7C34D658EE5}"
EndProject
Global
	GlobalSection(SolutionConfigurationPlatforms) = preSolution
		Debug|Any CPU = Debug|Any CPU
		Release|Any CPU = Release|Any CPU
	EndGlobalSection
	GlobalSection(ProjectConfigurationPlatforms) = postSolution
		{7E5D8748-AFA8-432A-97F2-D7C34D658EE5}.Debug|Any CPU.ActiveCfg = Debug|Any CPU
		{7E5D8748-AFA8-432A-97F2-D7C34D658EE5}.Debug|Any CPU.Build.0 = Debug|Any CPU
		{7E5D8748-AFA8-432A-97F2-D7C34D658EE5}.Release|Any CPU.ActiveCfg = Release|Any CPU
		{7E5D8748-AFA8-432A-97F2-D7C34D658EE5}.Release|Any CPU.Build.0 = Release|Any CPU
	EndGlobalSection
	GlobalSection(SolutionProperties) = preSolution
		HideSolutionNode = FALSE
	EndGlobalSection
	GlobalSection(ExtensibilityGlobals) = postSolution
		SolutionGuid = {998D5CB6-750C-49A5-A559-6B25BF34EF08}
	EndGlobalSection
EndGlobal
